{
  "name": "pdfreader-example",
  "version": "1.0.0",
  "lockfileVersion": 2,
  "requires": true,
  "packages": {
    "": {
      "name": "pdfreader-example",
      "version": "1.0.0",
      "license": "ISC",
      "dependencies": {
        "pdfreader": "^3.0.0"
      }
    },
    "node_modules/pdf2json": {
      "version": "3.0.1",
      "resolved": "https://registry.npmjs.org/pdf2json/-/pdf2json-3.0.1.tgz",
      "integrity": "sha512-1pNsakC8F+OuFS72U+ZI0u8J/voPYYDYHj/0B/7ywYUm3w0QurkDBy3pH35kzygjgmJJVHk2a9I6gBswFF8hQQ==",
      "bundleDependencies": [
        "@xmldom/xmldom"
      ],
      "dependencies": {
        "@xmldom/xmldom": "^0.8.6"
      },
      "bin": {
        "pdf2json": "bin/pdf2json"
      },
      "engines": {
        "node": ">=14.18.0",
        "npm": ">=8.12.1"
      }
    },
    "node_modules/pdf2json/node_modules/@xmldom/xmldom": {
      "version": "0.8.6",
      "inBundle": true,
      "license": "MIT",
      "engines": {
        "node": ">=10.0.0"
      }
    },
    "node_modules/pdfreader": {
      "version": "3.0.0",
      "resolved": "https://registry.npmjs.org/pdfreader/-/pdfreader-3.0.0.tgz",
      "integrity": "sha512-jTMFdvC4RT5kcU2CrT8GqtswNCYiU/tPHwVKGgnnta6tNaLIgV+ekkb4kq+5xgkQMMR+OJsj/AdAIaASmHr8Iw==",
      "dependencies": {
        "pdf2json": "3.0.1"
      },
      "engines": {
        "node": ">=14"
      }
    }
  },
  "dependencies": {
    "pdf2json": {
      "version": "3.0.1",
      "resolved": "https://registry.npmjs.org/pdf2json/-/pdf2json-3.0.1.tgz",
      "integrity": "sha512-1pNsakC8F+OuFS72U+ZI0u8J/voPYYDYHj/0B/7ywYUm3w0QurkDBy3pH35kzygjgmJJVHk2a9I6gBswFF8hQQ==",
      "requires": {
        "@xmldom/xmldom": "^0.8.6"
      },
      "dependencies": {
        "@xmldom/xmldom": {
          "version": "0.8.6",
          "bundled": true
        }
      }
    },
    "pdfreader": {
      "version": "3.0.0",
      "resolved": "https://registry.npmjs.org/pdfreader/-/pdfreader-3.0.0.tgz",
      "integrity": "sha512-jTMFdvC4RT5kcU2CrT8GqtswNCYiU/tPHwVKGgnnta6tNaLIgV+ekkb4kq+5xgkQMMR+OJsj/AdAIaASmHr8Iw==",
      "requires": {
        "pdf2json": "3.0.1"
      }
    }
  }
}
